
Microsoft Visual Studio Solution File, Format Version 12.00
# Visual Studio 14
VisualStudioVersion = 14.0.24720.0
MinimumVisualStudioVersion = 10.0.40219.1
Project("{FAE04EC0-301F-11D3-BF4B-00C04F79EFBC}") = "MyRspGame", "MyRspGame\MyRspGame.csproj", "{26652079-DE6E-412C-8F3C-6F8016BE72AD}"
EndProject
Global
	GlobalSection(SolutionConfigurationPlatforms) = preSolution
		Debug|Any CPU = Debug|Any CPU
		Release|Any CPU = Release|Any CPU
	EndGlobalSection
	GlobalSection(ProjectConfigurationPlatforms) = postSolution
		{26652079-DE6E-412C-8F3C-6F8016BE72AD}.Debug|Any CPU.ActiveCfg = Debug|Any CPU
		{26652079-DE6E-412C-8F3C-6F8016BE72AD}.Debug|Any CPU.Build.0 = Debug|Any CPU
		{26652079-DE6E-412C-8F3C-6F8016BE72AD}.Release|Any CPU.ActiveCfg = Release|Any CPU
		{26652079-DE6E-412C-8F3C-6F8016BE72AD}.Release|Any CPU.Build.0 = Release|Any CPU
	EndGlobalSection
	GlobalSection(SolutionProperties) = preSolution
		HideSolutionNode = FALSE
	EndGlobalSection
EndGlobal
